
Microsoft Visual Studio Solution File, Format Version 12.00
# Visual Studio Version 16
VisualStudioVersion = 16.0.29102.190
MinimumVisualStudioVersion = 10.0.40219.1
Project("{9A19103F-16F7-4668-BE54-9A1E7A4F7556}") = "MarkdownExtensions", "MarkdownExtensions\MarkdownExtensions.csproj", "{3BA9CAA2-60AE-43A1-A90E-1B354E991E27}"
EndProject
Project("{2150E333-8FDC-42A3-9474-1A3956D46DE8}") = "Submodules", "Submodules", "{194E0B9B-97BC-4363-A385-8BB1615B4D69}"
EndProject
Project("{FAE04EC0-301F-11D3-BF4B-00C04F79EFBC}") = "MarkdownExtensions.Console", "markdownExtensions.Console\MarkdownExtensions.Console.csproj", "{A55E3DFD-546D-43B4-ADA4-8B77DCD570E3}"
EndProject
Project("{2150E333-8FDC-42A3-9474-1A3956D46DE8}") = "Extensions", "Extensions", "{3390EEB3-F5D2-447E-AE14-91E1680DF761}"
EndProject
Project("{9A19103F-16F7-4668-BE54-9A1E7A4F7556}") = "MarkdownExtension.EnterpriseArchitect", "MarkdownExtension.EnterpriseArchitect\MarkdownExtension.EnterpriseArchitect.csproj", "{2AD26007-FC70-408A-AD40-BAE771551289}"
EndProject
Project("{9A19103F-16F7-4668-BE54-9A1E7A4F7556}") = "MarkdownExtension.Excel", "MarkdownExtension.Excel\MarkdownExtension.Excel.csproj", "{25A9E74B-7DCF-4B5C-8440-5C783735799C}"
EndProject
Project("{9A19103F-16F7-4668-BE54-9A1E7A4F7556}") = "MarkdownExtension.GitGraph", "MarkdownExtension.GitGraph\MarkdownExtension.GitGraph.csproj", "{8902C1D8-62FF-412F-BD2F-F9E890A55A5C}"
EndProject
Project("{9A19103F-16F7-4668-BE54-9A1E7A4F7556}") = "MarkdownExtension.GitHistory", "MarkdownExtension.GitHistory\MarkdownExtension.GitHistory.csproj", "{BFFC77EF-F379-439D-9C8B-FE355C7FA786}"
EndProject
Project("{9A19103F-16F7-4668-BE54-9A1E7A4F7556}") = "MarkdownExtension.KeyboardKeys", "MarkdownExtension.KeyboardKeys\MarkdownExtension.KeyboardKeys.csproj", "{FFFF091B-863C-4473-A69B-F712C98AEC14}"
EndProject
Project("{FAE04EC0-301F-11D3-BF4B-00C04F79EFBC}") = "MarkdownExtension.MsSql", "MarkdownExtension.MsSql\MarkdownExtension.MsSql.csproj", "{37ADB193-9E20-4565-85FB-4B20BD3C3566}"
EndProject
Project("{9A19103F-16F7-4668-BE54-9A1E7A4F7556}") = "MarkdownExtension.PanZoomImage", "MarkdownExtension.PanZoomImage\MarkdownExtension.PanZoomImage.csproj", "{2EDED4BB-3B38-4A1F-B20C-7DDA872DFCE8}"
EndProject
Project("{FAE04EC0-301F-11D3-BF4B-00C04F79EFBC}") = "MarkdownExtension.GitGraph.UnitTest", "MarkdownExtension.GitGraph.UnitTest\MarkdownExtension.GitGraph.UnitTest.csproj", "{AAE0D36D-2C6E-4679-82CE-ED22108AE1DB}"
EndProject
Project("{9A19103F-16F7-4668-BE54-9A1E7A4F7556}") = "MarkdownExtensions.UnitTest", "MarkdownExtensions.UnitTest\MarkdownExtensions.UnitTest.csproj", "{E8A9EDCC-DC52-49F8-86A7-C92B9C98B4E0}"
EndProject
Project("{9A19103F-16F7-4668-BE54-9A1E7A4F7556}") = "MarkdownExtension.BpmnGraph", "MarkdownExtension.BpmnGraph\MarkdownExtension.BpmnGraph.csproj", "{887B3EA6-DEC6-4F80-9BB6-90115237477A}"
EndProject
Project("{2150E333-8FDC-42A3-9474-1A3956D46DE8}") = "Examples", "Examples", "{1E7374A1-6575-4014-85DD-D65493DA029E}"
EndProject
Project("{9A19103F-16F7-4668-BE54-9A1E7A4F7556}") = "Wiki.Example", "Wiki.Example\Wiki.Example.csproj", "{67328A8D-5829-4608-BC20-C891B9737CB9}"
EndProject
Project("{2150E333-8FDC-42A3-9474-1A3956D46DE8}") = "Solution Items", "Solution Items", "{DD245127-7B97-4DC1-812A-593E7A040F65}"
	ProjectSection(SolutionItems) = preProject
		Readme.md = Readme.md
	EndProjectSection
EndProject
Global
	GlobalSection(SolutionConfigurationPlatforms) = preSolution
		Debug|Any CPU = Debug|Any CPU
		Release|Any CPU = Release|Any CPU
	EndGlobalSection
	GlobalSection(ProjectConfigurationPlatforms) = postSolution
		{3BA9CAA2-60AE-43A1-A90E-1B354E991E27}.Debug|Any CPU.ActiveCfg = Debug|Any CPU
		{3BA9CAA2-60AE-43A1-A90E-1B354E991E27}.Debug|Any CPU.Build.0 = Debug|Any CPU
		{3BA9CAA2-60AE-43A1-A90E-1B354E991E27}.Release|Any CPU.ActiveCfg = Release|Any CPU
		{3BA9CAA2-60AE-43A1-A90E-1B354E991E27}.Release|Any CPU.Build.0 = Release|Any CPU
		{A55E3DFD-546D-43B4-ADA4-8B77DCD570E3}.Debug|Any CPU.ActiveCfg = Debug|Any CPU
		{A55E3DFD-546D-43B4-ADA4-8B77DCD570E3}.Debug|Any CPU.Build.0 = Debug|Any CPU
		{A55E3DFD-546D-43B4-ADA4-8B77DCD570E3}.Release|Any CPU.ActiveCfg = Release|Any CPU
		{A55E3DFD-546D-43B4-ADA4-8B77DCD570E3}.Release|Any CPU.Build.0 = Release|Any CPU
		{2AD26007-FC70-408A-AD40-BAE771551289}.Debug|Any CPU.ActiveCfg = Debug|Any CPU
		{2AD26007-FC70-408A-AD40-BAE771551289}.Debug|Any CPU.Build.0 = Debug|Any CPU
		{2AD26007-FC70-408A-AD40-BAE771551289}.Release|Any CPU.ActiveCfg = Release|Any CPU
		{2AD26007-FC70-408A-AD40-BAE771551289}.Release|Any CPU.Build.0 = Release|Any CPU
		{25A9E74B-7DCF-4B5C-8440-5C783735799C}.Debug|Any CPU.ActiveCfg = Debug|Any CPU
		{25A9E74B-7DCF-4B5C-8440-5C783735799C}.Debug|Any CPU.Build.0 = Debug|Any CPU
		{25A9E74B-7DCF-4B5C-8440-5C783735799C}.Release|Any CPU.ActiveCfg = Release|Any CPU
		{25A9E74B-7DCF-4B5C-8440-5C783735799C}.Release|Any CPU.Build.0 = Release|Any CPU
		{8902C1D8-62FF-412F-BD2F-F9E890A55A5C}.Debug|Any CPU.ActiveCfg = Debug|Any CPU
		{8902C1D8-62FF-412F-BD2F-F9E890A55A5C}.Debug|Any CPU.Build.0 = Debug|Any CPU
		{8902C1D8-62FF-412F-BD2F-F9E890A55A5C}.Release|Any CPU.ActiveCfg = Release|Any CPU
		{8902C1D8-62FF-412F-BD2F-F9E890A55A5C}.Release|Any CPU.Build.0 = Release|Any CPU
		{BFFC77EF-F379-439D-9C8B-FE355C7FA786}.Debug|Any CPU.ActiveCfg = Debug|Any CPU
		{BFFC77EF-F379-439D-9C8B-FE355C7FA786}.Debug|Any CPU.Build.0 = Debug|Any CPU
		{BFFC77EF-F379-439D-9C8B-FE355C7FA786}.Release|Any CPU.ActiveCfg = Release|Any CPU
		{BFFC77EF-F379-439D-9C8B-FE355C7FA786}.Release|Any CPU.Build.0 = Release|Any CPU
		{FFFF091B-863C-4473-A69B-F712C98AEC14}.Debug|Any CPU.ActiveCfg = Debug|Any CPU
		{FFFF091B-863C-4473-A69B-F712C98AEC14}.Debug|Any CPU.Build.0 = Debug|Any CPU
		{FFFF091B-863C-4473-A69B-F712C98AEC14}.Release|Any CPU.ActiveCfg = Release|Any CPU
		{FFFF091B-863C-4473-A69B-F712C98AEC14}.Release|Any CPU.Build.0 = Release|Any CPU
		{37ADB193-9E20-4565-85FB-4B20BD3C3566}.Debug|Any CPU.ActiveCfg = Debug|Any CPU
		{37ADB193-9E20-4565-85FB-4B20BD3C3566}.Debug|Any CPU.Build.0 = Debug|Any CPU
		{37ADB193-9E20-4565-85FB-4B20BD3C3566}.Release|Any CPU.ActiveCfg = Release|Any CPU
		{37ADB193-9E20-4565-85FB-4B20BD3C3566}.Release|Any CPU.Build.0 = Release|Any CPU
		{2EDED4BB-3B38-4A1F-B20C-7DDA872DFCE8}.Debug|Any CPU.ActiveCfg = Debug|Any CPU
		{2EDED4BB-3B38-4A1F-B20C-7DDA872DFCE8}.Debug|Any CPU.Build.0 = Debug|Any CPU
		{2EDED4BB-3B38-4A1F-B20C-7DDA872DFCE8}.Release|Any CPU.ActiveCfg = Release|Any CPU
		{2EDED4BB-3B38-4A1F-B20C-7DDA872DFCE8}.Release|Any CPU.Build.0 = Release|Any CPU
		{AAE0D36D-2C6E-4679-82CE-ED22108AE1DB}.Debug|Any CPU.ActiveCfg = Debug|Any CPU
		{AAE0D36D-2C6E-4679-82CE-ED22108AE1DB}.Debug|Any CPU.Build.0 = Debug|Any CPU
		{AAE0D36D-2C6E-4679-82CE-ED22108AE1DB}.Release|Any CPU.ActiveCfg = Release|Any CPU
		{AAE0D36D-2C6E-4679-82CE-ED22108AE1DB}.Release|Any CPU.Build.0 = Release|Any CPU
		{E8A9EDCC-DC52-49F8-86A7-C92B9C98B4E0}.Debug|Any CPU.ActiveCfg = Debug|Any CPU
		{E8A9EDCC-DC52-49F8-86A7-C92B9C98B4E0}.Debug|Any CPU.Build.0 = Debug|Any CPU
		{E8A9EDCC-DC52-49F8-86A7-C92B9C98B4E0}.Release|Any CPU.ActiveCfg = Release|Any CPU
		{E8A9EDCC-DC52-49F8-86A7-C92B9C98B4E0}.Release|Any CPU.Build.0 = Release|Any CPU
		{887B3EA6-DEC6-4F80-9BB6-90115237477A}.Debug|Any CPU.ActiveCfg = Debug|Any CPU
		{887B3EA6-DEC6-4F80-9BB6-90115237477A}.Debug|Any CPU.Build.0 = Debug|Any CPU
		{887B3EA6-DEC6-4F80-9BB6-90115237477A}.Release|Any CPU.ActiveCfg = Release|Any CPU
		{887B3EA6-DEC6-4F80-9BB6-90115237477A}.Release|Any CPU.Build.0 = Release|Any CPU
		{67328A8D-5829-4608-BC20-C891B9737CB9}.Debug|Any CPU.ActiveCfg = Debug|Any CPU
		{67328A8D-5829-4608-BC20-C891B9737CB9}.Debug|Any CPU.Build.0 = Debug|Any CPU
		{67328A8D-5829-4608-BC20-C891B9737CB9}.Release|Any CPU.ActiveCfg = Release|Any CPU
		{67328A8D-5829-4608-BC20-C891B9737CB9}.Release|Any CPU.Build.0 = Release|Any CPU
	EndGlobalSection
	GlobalSection(SolutionProperties) = preSolution
		HideSolutionNode = FALSE
	EndGlobalSection
	GlobalSection(NestedProjects) = preSolution
		{2AD26007-FC70-408A-AD40-BAE771551289} = {3390EEB3-F5D2-447E-AE14-91E1680DF761}
		{25A9E74B-7DCF-4B5C-8440-5C783735799C} = {3390EEB3-F5D2-447E-AE14-91E1680DF761}
		{8902C1D8-62FF-412F-BD2F-F9E890A55A5C} = {3390EEB3-F5D2-447E-AE14-91E1680DF761}
		{BFFC77EF-F379-439D-9C8B-FE355C7FA786} = {3390EEB3-F5D2-447E-AE14-91E1680DF761}
		{FFFF091B-863C-4473-A69B-F712C98AEC14} = {3390EEB3-F5D2-447E-AE14-91E1680DF761}
		{37ADB193-9E20-4565-85FB-4B20BD3C3566} = {3390EEB3-F5D2-447E-AE14-91E1680DF761}
		{2EDED4BB-3B38-4A1F-B20C-7DDA872DFCE8} = {3390EEB3-F5D2-447E-AE14-91E1680DF761}
		{AAE0D36D-2C6E-4679-82CE-ED22108AE1DB} = {3390EEB3-F5D2-447E-AE14-91E1680DF761}
		{887B3EA6-DEC6-4F80-9BB6-90115237477A} = {3390EEB3-F5D2-447E-AE14-91E1680DF761}
		{67328A8D-5829-4608-BC20-C891B9737CB9} = {1E7374A1-6575-4014-85DD-D65493DA029E}
	EndGlobalSection
	GlobalSection(ExtensibilityGlobals) = postSolution
		SolutionGuid = {57F52065-3927-412E-93D8-D5B493EA3FCE}
	EndGlobalSection
EndGlobal
